# THIS IS AN AUTOGENERATED FILE. DO NOT EDIT THIS FILE DIRECTLY.
# yarn lockfile v1


"@datastructures-js/heap@^4.3.3":
  version "4.3.3"
  resolved "https://registry.yarnpkg.com/@datastructures-js/heap/-/heap-4.3.3.tgz#824c10f092ab03180702f0dea8ce96227ffe50a8"
  integrity sha512-UcUu/DLh/aM4W3C8zZfwxxm6/6FIZUlm3mcAXuNOCa6Aj4iizNvNXQyb8DjZQH2jKSQbMRyNlngP6TPimuGjpQ==

linked-list@^3.1.0:
  version "3.1.0"
  resolved "https://registry.yarnpkg.com/linked-list/-/linked-list-3.1.0.tgz#fa1df237906c312da1ddcd43f76cce8e3121612d"
  integrity sha512-8fTIVBkKRqJ9MPEwggRkzYsOGcicCC4qSXm6iANVJOGwXrkew85kL7zFztQHSOQBbM6zG+vqtC/cTHm4nuUCSg==
